
Microsoft Visual Studio Solution File, Format Version 12.00
# Visual Studio 14
VisualStudioVersion = 14.0.25420.1
MinimumVisualStudioVersion = 10.0.40219.1
Project("{FAE04EC0-301F-11D3-BF4B-00C04F79EFBC}") = "Words.Service", "Words.Service\Words.Service.csproj", "{C4353E4C-FDF0-440B-B6DB-CEA1A1DB48BF}"
	ProjectSection(ProjectDependencies) = postProject
		{22EBC079-0BA6-467C-A87B-AD48B0775949} = {22EBC079-0BA6-467C-A87B-AD48B0775949}
	EndProjectSection
EndProject
Project("{FAE04EC0-301F-11D3-BF4B-00C04F79EFBC}") = "Words.Client", "Words.Client\Words.Client.csproj", "{873F57F8-5BF9-4F36-B47C-D3025D682A9D}"
	ProjectSection(ProjectDependencies) = postProject
		{22EBC079-0BA6-467C-A87B-AD48B0775949} = {22EBC079-0BA6-467C-A87B-AD48B0775949}
	EndProjectSection
EndProject
Project("{2150E333-8FDC-42A3-9474-1A3956D46DE8}") = "Tests", "Tests", "{2D60E8A1-108D-4C2D-BB0D-0187B8653A04}"
EndProject
Project("{FAE04EC0-301F-11D3-BF4B-00C04F79EFBC}") = "WordsServiceStresTest", "WordsServiceStresTest\WordsServiceStresTest.csproj", "{D9EFE213-6D08-4013-9DF0-894083AAF9E6}"
EndProject
Project("{FAE04EC0-301F-11D3-BF4B-00C04F79EFBC}") = "Words", "Words\Words.csproj", "{22EBC079-0BA6-467C-A87B-AD48B0775949}"
EndProject
Global
	GlobalSection(SolutionConfigurationPlatforms) = preSolution
		Debug|Any CPU = Debug|Any CPU
		Release|Any CPU = Release|Any CPU
	EndGlobalSection
	GlobalSection(ProjectConfigurationPlatforms) = postSolution
		{C4353E4C-FDF0-440B-B6DB-CEA1A1DB48BF}.Debug|Any CPU.ActiveCfg = Debug|Any CPU
		{C4353E4C-FDF0-440B-B6DB-CEA1A1DB48BF}.Debug|Any CPU.Build.0 = Debug|Any CPU
		{C4353E4C-FDF0-440B-B6DB-CEA1A1DB48BF}.Release|Any CPU.ActiveCfg = Release|Any CPU
		{C4353E4C-FDF0-440B-B6DB-CEA1A1DB48BF}.Release|Any CPU.Build.0 = Release|Any CPU
		{873F57F8-5BF9-4F36-B47C-D3025D682A9D}.Debug|Any CPU.ActiveCfg = Debug|Any CPU
		{873F57F8-5BF9-4F36-B47C-D3025D682A9D}.Debug|Any CPU.Build.0 = Debug|Any CPU
		{873F57F8-5BF9-4F36-B47C-D3025D682A9D}.Release|Any CPU.ActiveCfg = Release|Any CPU
		{873F57F8-5BF9-4F36-B47C-D3025D682A9D}.Release|Any CPU.Build.0 = Release|Any CPU
		{D9EFE213-6D08-4013-9DF0-894083AAF9E6}.Debug|Any CPU.ActiveCfg = Debug|Any CPU
		{D9EFE213-6D08-4013-9DF0-894083AAF9E6}.Debug|Any CPU.Build.0 = Debug|Any CPU
		{D9EFE213-6D08-4013-9DF0-894083AAF9E6}.Release|Any CPU.ActiveCfg = Release|Any CPU
		{D9EFE213-6D08-4013-9DF0-894083AAF9E6}.Release|Any CPU.Build.0 = Release|Any CPU
		{22EBC079-0BA6-467C-A87B-AD48B0775949}.Debug|Any CPU.ActiveCfg = Debug|Any CPU
		{22EBC079-0BA6-467C-A87B-AD48B0775949}.Debug|Any CPU.Build.0 = Debug|Any CPU
		{22EBC079-0BA6-467C-A87B-AD48B0775949}.Release|Any CPU.ActiveCfg = Release|Any CPU
		{22EBC079-0BA6-467C-A87B-AD48B0775949}.Release|Any CPU.Build.0 = Release|Any CPU
	EndGlobalSection
	GlobalSection(SolutionProperties) = preSolution
		HideSolutionNode = FALSE
	EndGlobalSection
	GlobalSection(NestedProjects) = preSolution
		{D9EFE213-6D08-4013-9DF0-894083AAF9E6} = {2D60E8A1-108D-4C2D-BB0D-0187B8653A04}
	EndGlobalSection
EndGlobal
